
Microsoft Visual Studio Solution File, Format Version 12.00
# Visual Studio Version 16
VisualStudioVersion = 16.0.31424.327
MinimumVisualStudioVersion = 10.0.40219.1
Project("{FAE04EC0-301F-11D3-BF4B-00C04F79EFBC}") = "M5U3-1", "Module5Unit3\M5U3-1.csproj", "{89F6A985-D824-4699-8D47-E17388E03E47}"
EndProject
Project("{FAE04EC0-301F-11D3-BF4B-00C04F79EFBC}") = "M5U3-2", "M5U3-2\M5U3-2.csproj", "{E0F1B00C-15FF-4584-95FF-4125045BE9DD}"
EndProject
Project("{FAE04EC0-301F-11D3-BF4B-00C04F79EFBC}") = "M5U3-3", "M5U3-3\M5U3-3.csproj", "{87593B76-1F1E-4BF0-BF86-03DB2E75893E}"
EndProject
Project("{FAE04EC0-301F-11D3-BF4B-00C04F79EFBC}") = "M5U3-4", "M5U3-4\M5U3-4.csproj", "{652469CB-FA48-4A30-99DE-2A8384888CA6}"
EndProject
Project("{FAE04EC0-301F-11D3-BF4B-00C04F79EFBC}") = "M5U5-1", "M5U5-1\M5U5-1.csproj", "{7B3E1B76-F1B1-4874-930C-86926C81FE70}"
EndProject
Project("{FAE04EC0-301F-11D3-BF4B-00C04F79EFBC}") = "M5U5-2", "M5U5-2\M5U5-2.csproj", "{CE036D63-0B78-4E0B-9D2E-C579C936915A}"
EndProject
Project("{FAE04EC0-301F-11D3-BF4B-00C04F79EFBC}") = "M5U5-3", "M5U5-3\M5U5-3.csproj", "{6075F54F-288D-4693-B58F-6A915E3DF90D}"
EndProject
Project("{FAE04EC0-301F-11D3-BF4B-00C04F79EFBC}") = "M5U5-4", "M5U5-4\M5U5-4.csproj", "{C1671B18-812E-4DF4-B3A4-0B29180A9398}"
EndProject
Project("{FAE04EC0-301F-11D3-BF4B-00C04F79EFBC}") = "M5U5-5", "M5U5-5\M5U5-5.csproj", "{D1CD64C7-E13E-4D06-8317-0D84AB2A4B32}"
EndProject
Global
	GlobalSection(SolutionConfigurationPlatforms) = preSolution
		Debug|Any CPU = Debug|Any CPU
		Release|Any CPU = Release|Any CPU
	EndGlobalSection
	GlobalSection(ProjectConfigurationPlatforms) = postSolution
		{89F6A985-D824-4699-8D47-E17388E03E47}.Debug|Any CPU.ActiveCfg = Debug|Any CPU
		{89F6A985-D824-4699-8D47-E17388E03E47}.Debug|Any CPU.Build.0 = Debug|Any CPU
		{89F6A985-D824-4699-8D47-E17388E03E47}.Release|Any CPU.ActiveCfg = Release|Any CPU
		{89F6A985-D824-4699-8D47-E17388E03E47}.Release|Any CPU.Build.0 = Release|Any CPU
		{E0F1B00C-15FF-4584-95FF-4125045BE9DD}.Debug|Any CPU.ActiveCfg = Debug|Any CPU
		{E0F1B00C-15FF-4584-95FF-4125045BE9DD}.Debug|Any CPU.Build.0 = Debug|Any CPU
		{E0F1B00C-15FF-4584-95FF-4125045BE9DD}.Release|Any CPU.ActiveCfg = Release|Any CPU
		{E0F1B00C-15FF-4584-95FF-4125045BE9DD}.Release|Any CPU.Build.0 = Release|Any CPU
		{87593B76-1F1E-4BF0-BF86-03DB2E75893E}.Debug|Any CPU.ActiveCfg = Debug|Any CPU
		{87593B76-1F1E-4BF0-BF86-03DB2E75893E}.Debug|Any CPU.Build.0 = Debug|Any CPU
		{87593B76-1F1E-4BF0-BF86-03DB2E75893E}.Release|Any CPU.ActiveCfg = Release|Any CPU
		{87593B76-1F1E-4BF0-BF86-03DB2E75893E}.Release|Any CPU.Build.0 = Release|Any CPU
		{652469CB-FA48-4A30-99DE-2A8384888CA6}.Debug|Any CPU.ActiveCfg = Debug|Any CPU
		{652469CB-FA48-4A30-99DE-2A8384888CA6}.Debug|Any CPU.Build.0 = Debug|Any CPU
		{652469CB-FA48-4A30-99DE-2A8384888CA6}.Release|Any CPU.ActiveCfg = Release|Any CPU
		{652469CB-FA48-4A30-99DE-2A8384888CA6}.Release|Any CPU.Build.0 = Release|Any CPU
		{7B3E1B76-F1B1-4874-930C-86926C81FE70}.Debug|Any CPU.ActiveCfg = Debug|Any CPU
		{7B3E1B76-F1B1-4874-930C-86926C81FE70}.Debug|Any CPU.Build.0 = Debug|Any CPU
		{7B3E1B76-F1B1-4874-930C-86926C81FE70}.Release|Any CPU.ActiveCfg = Release|Any CPU
		{7B3E1B76-F1B1-4874-930C-86926C81FE70}.Release|Any CPU.Build.0 = Release|Any CPU
		{CE036D63-0B78-4E0B-9D2E-C579C936915A}.Debug|Any CPU.ActiveCfg = Debug|Any CPU
		{CE036D63-0B78-4E0B-9D2E-C579C936915A}.Debug|Any CPU.Build.0 = Debug|Any CPU
		{CE036D63-0B78-4E0B-9D2E-C579C936915A}.Release|Any CPU.ActiveCfg = Release|Any CPU
		{CE036D63-0B78-4E0B-9D2E-C579C936915A}.Release|Any CPU.Build.0 = Release|Any CPU
		{6075F54F-288D-4693-B58F-6A915E3DF90D}.Debug|Any CPU.ActiveCfg = Debug|Any CPU
		{6075F54F-288D-4693-B58F-6A915E3DF90D}.Debug|Any CPU.Build.0 = Debug|Any CPU
		{6075F54F-288D-4693-B58F-6A915E3DF90D}.Release|Any CPU.ActiveCfg = Release|Any CPU
		{6075F54F-288D-4693-B58F-6A915E3DF90D}.Release|Any CPU.Build.0 = Release|Any CPU
		{C1671B18-812E-4DF4-B3A4-0B29180A9398}.Debug|Any CPU.ActiveCfg = Debug|Any CPU
		{C1671B18-812E-4DF4-B3A4-0B29180A9398}.Debug|Any CPU.Build.0 = Debug|Any CPU
		{C1671B18-812E-4DF4-B3A4-0B29180A9398}.Release|Any CPU.ActiveCfg = Release|Any CPU
		{C1671B18-812E-4DF4-B3A4-0B29180A9398}.Release|Any CPU.Build.0 = Release|Any CPU
		{D1CD64C7-E13E-4D06-8317-0D84AB2A4B32}.Debug|Any CPU.ActiveCfg = Debug|Any CPU
		{D1CD64C7-E13E-4D06-8317-0D84AB2A4B32}.Debug|Any CPU.Build.0 = Debug|Any CPU
		{D1CD64C7-E13E-4D06-8317-0D84AB2A4B32}.Release|Any CPU.ActiveCfg = Release|Any CPU
		{D1CD64C7-E13E-4D06-8317-0D84AB2A4B32}.Release|Any CPU.Build.0 = Release|Any CPU
	EndGlobalSection
	GlobalSection(SolutionProperties) = preSolution
		HideSolutionNode = FALSE
	EndGlobalSection
	GlobalSection(ExtensibilityGlobals) = postSolution
		SolutionGuid = {5ADA15A0-BD80-45B4-A0FD-BC776F03AABA}
	EndGlobalSection
EndGlobal
